// !$*UTF8*$!
{
	archiveVersion = 1;
	classes = {
	};
	objectVersion = 56;
	objects = {

/* Begin PBXBuildFile section */
		A0981AD32B61C3D900F8670B /* macOSApp2App.swift in Sources */ = {isa = PBXBuildFile; fileRef = A0981AD22B61C3D900F8670B /* macOSApp2App.swift */; };
		A0981AD52B61C3D900F8670B /* ContentView.swift in Sources */ = {isa = PBXBuildFile; fileRef = A0981AD42B61C3D900F8670B /* ContentView.swift */; };
		A0981AD72B61C3DA00F8670B /* Assets.xcassets in Resources */ = {isa = PBXBuildFile; fileRef = A0981AD62B61C3DA00F8670B /* Assets.xcassets */; };
		A0981ADA2B61C3DA00F8670B /* Preview Assets.xcassets in Resources */ = {isa = PBXBuildFile; fileRef = A0981AD92B61C3DA00F8670B /* Preview Assets.xcassets */; };
		BCBE3D942D123644004ACA2E /* Fastfile in Resources */ = {isa = PBXBuildFile; fileRef = BCBE3D932D12363A004ACA2E /* Fastfile */; };
		BCBE3D972D124922004ACA2E /* Matchfile in Sources */ = {isa = PBXBuildFile; fileRef = BCBE3D962D12491D004ACA2E /* Matchfile */; };
/* End PBXBuildFile section */

/* Begin PBXBuildRule section */
		BCBE3D912D12357D004ACA2E /* PBXBuildRule */ = {
			isa = PBXBuildRule;
			compilerSpec = com.apple.compilers.proxy.script;
			fileType = folder.rkassets;
			inputFiles = (
			);
			isEditable = 1;
			outputFiles = (
			);
			script = "# realitytool\n";
		};
		BCBE3D922D123599004ACA2E /* PBXBuildRule */ = {
			isa = PBXBuildRule;
			compilerSpec = com.apple.compilers.proxy.script;
			fileType = pattern.proxy;
			inputFiles = (
			);
			isEditable = 1;
			outputFiles = (
			);
			script = "# Type a script or drag a script file from your workspace to insert its path.\n";
		};
/* End PBXBuildRule section */

/* Begin PBXFileReference section */
		A0981ACF2B61C3D900F8670B /* macOSApp2.app */ = {isa = PBXFileReference; explicitFileType = wrapper.application; includeInIndex = 0; path = macOSApp2.app; sourceTree = BUILT_PRODUCTS_DIR; };
		A0981AD22B61C3D900F8670B /* macOSApp2App.swift */ = {isa = PBXFileReference; lastKnownFileType = sourcecode.swift; path = macOSApp2App.swift; sourceTree = "<group>"; };
		A0981AD42B61C3D900F8670B /* ContentView.swift */ = {isa = PBXFileReference; lastKnownFileType = sourcecode.swift; path = ContentView.swift; sourceTree = "<group>"; };
		A0981AD62B61C3DA00F8670B /* Assets.xcassets */ = {isa = PBXFileReference; lastKnownFileType = folder.assetcatalog; path = Assets.xcassets; sourceTree = "<group>"; };
		A0981AD92B61C3DA00F8670B /* Preview Assets.xcassets */ = {isa = PBXFileReference; lastKnownFileType = folder.assetcatalog; path = "Preview Assets.xcassets"; sourceTree = "<group>"; };
		A0981ADB2B61C3DA00F8670B /* macOSApp2.entitlements */ = {isa = PBXFileReference; lastKnownFileType = text.plist.entitlements; path = macOSApp2.entitlements; sourceTree = "<group>"; };
		BCBE3D932D12363A004ACA2E /* Fastfile */ = {isa = PBXFileReference; lastKnownFileType = text; path = Fastfile; sourceTree = "<group>"; };
		BCBE3D952D124144004ACA2E /* Gemfile */ = {isa = PBXFileReference; lastKnownFileType = text; path = Gemfile; sourceTree = "<group>"; };
		BCBE3D962D12491D004ACA2E /* Matchfile */ = {isa = PBXFileReference; lastKnownFileType = text; path = Matchfile; sourceTree = "<group>"; };
/* End PBXFileReference section */

/* Begin PBXFrameworksBuildPhase section */
		A0981ACC2B61C3D900F8670B /* Frameworks */ = {
			isa = PBXFrameworksBuildPhase;
			buildActionMask = 2147483647;
			files = (
			);
			runOnlyForDeploymentPostprocessing = 0;
		};
/* End PBXFrameworksBuildPhase section */

/* Begin PBXGroup section */
		A0981AC62B61C3D900F8670B = {
			isa = PBXGroup;
			children = (
				BCBE3D952D124144004ACA2E /* Gemfile */,
				A0981AD12B61C3D900F8670B /* macOSApp2 */,
				A0981AD02B61C3D900F8670B /* Products */,
			);
			sourceTree = "<group>";
		};
		A0981AD02B61C3D900F8670B /* Products */ = {
			isa = PBXGroup;
			children = (
				A0981ACF2B61C3D900F8670B /* macOSApp2.app */,
			);
			name = Products;
			sourceTree = "<group>";
		};
		A0981AD12B61C3D900F8670B /* macOSApp2 */ = {
			isa = PBXGroup;
			children = (
				BCBE3D962D12491D004ACA2E /* Matchfile */,
				BCBE3D932D12363A004ACA2E /* Fastfile */,
				A0981AD22B61C3D900F8670B /* macOSApp2App.swift */,
				A0981AD42B61C3D900F8670B /* ContentView.swift */,
				A0981AD62B61C3DA00F8670B /* Assets.xcassets */,
				A0981ADB2B61C3DA00F8670B /* macOSApp2.entitlements */,
				A0981AD82B61C3DA00F8670B /* Preview Content */,
			);
			path = macOSApp2;
			sourceTree = "<group>";
		};
		A0981AD82B61C3DA00F8670B /* Preview Content */ = {
			isa = PBXGroup;
			children = (
				A0981AD92B61C3DA00F8670B /* Preview Assets.xcassets */,
			);
			path = "Preview Content";
			sourceTree = "<group>";
		};
/* End PBXGroup section */

/* Begin PBXNativeTarget section */
		A0981ACE2B61C3D900F8670B /* macOSApp2 */ = {
			isa = PBXNativeTarget;
			buildConfigurationList = A0981ADE2B61C3DA00F8670B /* Build configuration list for PBXNativeTarget "macOSApp2" */;
			buildPhases = (
				A0981ACB2B61C3D900F8670B /* Sources */,
				A0981ACC2B61C3D900F8670B /* Frameworks */,
				A0981ACD2B61C3D900F8670B /* Resources */,
			);
			buildRules = (
				BCBE3D922D123599004ACA2E /* PBXBuildRule */,
				BCBE3D912D12357D004ACA2E /* PBXBuildRule */,
			);
			dependencies = (
			);
			name = macOSApp2;
			productName = macOSApp2;
			productReference = A0981ACF2B61C3D900F8670B /* macOSApp2.app */;
			productType = "com.apple.product-type.application";
		};
/* End PBXNativeTarget section */

/* Begin PBXProject section */
		A0981AC72B61C3D900F8670B /* Project object */ = {
			isa = PBXProject;
			attributes = {
				BuildIndependentTargetsInParallel = 1;
				LastSwiftUpdateCheck = 1520;
				LastUpgradeCheck = 1520;
				TargetAttributes = {
					A0981ACE2B61C3D900F8670B = {
						CreatedOnToolsVersion = 15.2;
					};
				};
			};
			buildConfigurationList = A0981ACA2B61C3D900F8670B /* Build configuration list for PBXProject "macOSApp2" */;
			compatibilityVersion = "Xcode 14.0";
			developmentRegion = en;
			hasScannedForEncodings = 0;
			knownRegions = (
				en,
				Base,
			);
			mainGroup = A0981AC62B61C3D900F8670B;
			productRefGroup = A0981AD02B61C3D900F8670B /* Products */;
			projectDirPath = "";
			projectRoot = "";
			targets = (
				A0981ACE2B61C3D900F8670B /* macOSApp2 */,
			);
		};
/* End PBXProject section */

/* Begin PBXResourcesBuildPhase section */
		A0981ACD2B61C3D900F8670B /* Resources */ = {
			isa = PBXResourcesBuildPhase;
			buildActionMask = 2147483647;
			files = (
				BCBE3D942D123644004ACA2E /* Fastfile in Resources */,
				A0981ADA2B61C3DA00F8670B /* Preview Assets.xcassets in Resources */,
				A0981AD72B61C3DA00F8670B /* Assets.xcassets in Resources */,
			);
			runOnlyForDeploymentPostprocessing = 0;
		};
/* End PBXResourcesBuildPhase section */

/* Begin PBXSourcesBuildPhase section */
		A0981ACB2B61C3D900F8670B /* Sources */ = {
			isa = PBXSourcesBuildPhase;
			buildActionMask = 2147483647;
			files = (
				A0981AD52B61C3D900F8670B /* ContentView.swift in Sources */,
				BCBE3D972D124922004ACA2E /* Matchfile in Sources */,
				A0981AD32B61C3D900F8670B /* macOSApp2App.swift in Sources */,
			);
			runOnlyForDeploymentPostprocessing = 0;
		};
/* End PBXSourcesBuildPhase section */

/* Begin XCBuildConfiguration section */
		A0981ADC2B61C3DA00F8670B /* Debug */ = {
			isa = XCBuildConfiguration;
			buildSettings = {
				ALWAYS_SEARCH_USER_PATHS = NO;
				ASSETCATALOG_COMPILER_GENERATE_SWIFT_ASSET_SYMBOL_EXTENSIONS = YES;
				CLANG_ANALYZER_NONNULL = YES;
				CLANG_ANALYZER_NUMBER_OBJECT_CONVERSION = YES_AGGRESSIVE;
				CLANG_CXX_LANGUAGE_STANDARD = "gnu++20";
				CLANG_ENABLE_MODULES = YES;
				CLANG_ENABLE_OBJC_ARC = YES;
				CLANG_ENABLE_OBJC_WEAK = YES;
				CLANG_WARN_BLOCK_CAPTURE_AUTORELEASING = YES;
				CLANG_WARN_BOOL_CONVERSION = YES;
				CLANG_WARN_COMMA = YES;
				CLANG_WARN_CONSTANT_CONVERSION = YES;
				CLANG_WARN_DEPRECATED_OBJC_IMPLEMENTATIONS = YES;
				CLANG_WARN_DIRECT_OBJC_ISA_USAGE = YES_ERROR;
				CLANG_WARN_DOCUMENTATION_COMMENTS = YES;
				CLANG_WARN_EMPTY_BODY = YES;
				CLANG_WARN_ENUM_CONVERSION = YES;
				CLANG_WARN_INFINITE_RECURSION = YES;
				CLANG_WARN_INT_CONVERSION = YES;
				CLANG_WARN_NON_LITERAL_NULL_CONVERSION = YES;
				CLANG_WARN_OBJC_IMPLICIT_RETAIN_SELF = YES;
				CLANG_WARN_OBJC_LITERAL_CONVERSION = YES;
				CLANG_WARN_OBJC_ROOT_CLASS = YES_ERROR;
				CLANG_WARN_QUOTED_INCLUDE_IN_FRAMEWORK_HEADER = YES;
				CLANG_WARN_RANGE_LOOP_ANALYSIS = YES;
				CLANG_WARN_STRICT_PROTOTYPES = YES;
				CLANG_WARN_SUSPICIOUS_MOVE = YES;
				CLANG_WARN_UNGUARDED_AVAILABILITY = YES_AGGRESSIVE;
				CLANG_WARN_UNREACHABLE_CODE = YES;
				CLANG_WARN__DUPLICATE_METHOD_MATCH = YES;
				COPY_PHASE_STRIP = NO;
				DEBUG_INFORMATION_FORMAT = dwarf;
				ENABLE_STRICT_OBJC_MSGSEND = YES;
				ENABLE_TESTABILITY = YES;
				ENABLE_USER_SCRIPT_SANDBOXING = YES;
				GCC_C_LANGUAGE_STANDARD = gnu17;
				GCC_DYNAMIC_NO_PIC = NO;
				GCC_NO_COMMON_BLOCKS = YES;
				GCC_OPTIMIZATION_LEVEL = 0;
				GCC_PREPROCESSOR_DEFINITIONS = (
					"DEBUG=1",
					"$(inherited)",
				);
				GCC_WARN_64_TO_32_BIT_CONVERSION = YES;
				GCC_WARN_ABOUT_RETURN_TYPE = YES_ERROR;
				GCC_WARN_UNDECLARED_SELECTOR = YES;
				GCC_WARN_UNINITIALIZED_AUTOS = YES_AGGRESSIVE;
				GCC_WARN_UNUSED_FUNCTION = YES;
				GCC_WARN_UNUSED_VARIABLE = YES;
				LOCALIZATION_PREFERS_STRING_CATALOGS = YES;
				MACOSX_DEPLOYMENT_TARGET = 13.6;
				MTL_ENABLE_DEBUG_INFO = INCLUDE_SOURCE;
				MTL_FAST_MATH = YES;
				ONLY_ACTIVE_ARCH = YES;
				SDKROOT = macosx;
				SWIFT_ACTIVE_COMPILATION_CONDITIONS = "DEBUG $(inherited)";
				SWIFT_OPTIMIZATION_LEVEL = "-Onone";
			};
			name = Debug;
		};
		A0981ADD2B61C3DA00F8670B /* Release */ = {
			isa = XCBuildConfiguration;
			buildSettings = {
				ALWAYS_SEARCH_USER_PATHS = NO;
				ASSETCATALOG_COMPILER_GENERATE_SWIFT_ASSET_SYMBOL_EXTENSIONS = YES;
				CLANG_ANALYZER_NONNULL = YES;
				CLANG_ANALYZER_NUMBER_OBJECT_CONVERSION = YES_AGGRESSIVE;
				CLANG_CXX_LANGUAGE_STANDARD = "gnu++20";
				CLANG_ENABLE_MODULES = YES;
				CLANG_ENABLE_OBJC_ARC = YES;
				CLANG_ENABLE_OBJC_WEAK = YES;
				CLANG_WARN_BLOCK_CAPTURE_AUTORELEASING = YES;
				CLANG_WARN_BOOL_CONVERSION = YES;
				CLANG_WARN_COMMA = YES;
				CLANG_WARN_CONSTANT_CONVERSION = YES;
				CLANG_WARN_DEPRECATED_OBJC_IMPLEMENTATIONS = YES;
				CLANG_WARN_DIRECT_OBJC_ISA_USAGE = YES_ERROR;
				CLANG_WARN_DOCUMENTATION_COMMENTS = YES;
				CLANG_WARN_EMPTY_BODY = YES;
				CLANG_WARN_ENUM_CONVERSION = YES;
				CLANG_WARN_INFINITE_RECURSION = YES;
				CLANG_WARN_INT_CONVERSION = YES;
				CLANG_WARN_NON_LITERAL_NULL_CONVERSION = YES;
				CLANG_WARN_OBJC_IMPLICIT_RETAIN_SELF = YES;
				CLANG_WARN_OBJC_LITERAL_CONVERSION = YES;
				CLANG_WARN_OBJC_ROOT_CLASS = YES_ERROR;
				CLANG_WARN_QUOTED_INCLUDE_IN_FRAMEWORK_HEADER = YES;
				CLANG_WARN_RANGE_LOOP_ANALYSIS = YES;
				CLANG_WARN_STRICT_PROTOTYPES = YES;
				CLANG_WARN_SUSPICIOUS_MOVE = YES;
				CLANG_WARN_UNGUARDED_AVAILABILITY = YES_AGGRESSIVE;
				CLANG_WARN_UNREACHABLE_CODE = YES;
				CLANG_WARN__DUPLICATE_METHOD_MATCH = YES;
				COPY_PHASE_STRIP = NO;
				DEBUG_INFORMATION_FORMAT = "dwarf-with-dsym";
				ENABLE_NS_ASSERTIONS = NO;
				ENABLE_STRICT_OBJC_MSGSEND = YES;
				ENABLE_USER_SCRIPT_SANDBOXING = YES;
				GCC_C_LANGUAGE_STANDARD = gnu17;
				GCC_NO_COMMON_BLOCKS = YES;
				GCC_WARN_64_TO_32_BIT_CONVERSION = YES;
				GCC_WARN_ABOUT_RETURN_TYPE = YES_ERROR;
				GCC_WARN_UNDECLARED_SELECTOR = YES;
				GCC_WARN_UNINITIALIZED_AUTOS = YES_AGGRESSIVE;
				GCC_WARN_UNUSED_FUNCTION = YES;
				GCC_WARN_UNUSED_VARIABLE = YES;
				LOCALIZATION_PREFERS_STRING_CATALOGS = YES;
				MACOSX_DEPLOYMENT_TARGET = 13.6;
				MTL_ENABLE_DEBUG_INFO = NO;
				MTL_FAST_MATH = YES;
				SDKROOT = macosx;
				SWIFT_COMPILATION_MODE = wholemodule;
			};
			name = Release;
		};
		A0981ADF2B61C3DA00F8670B /* Debug */ = {
			isa = XCBuildConfiguration;
			buildSettings = {
				ASSETCATALOG_COMPILER_APPICON_NAME = AppIcon;
				ASSETCATALOG_COMPILER_GLOBAL_ACCENT_COLOR_NAME = AccentColor;
				CODE_SIGN_ENTITLEMENTS = macOSApp2/macOSApp2.entitlements;
				CODE_SIGN_IDENTITY = "Apple Development: jigbhatt@amazon.com (R54NHZ88SZ)";
				"CODE_SIGN_IDENTITY[sdk=macosx*]" = "Apple Development";
				CODE_SIGN_STYLE = Manual;
				COMBINE_HIDPI_IMAGES = YES;
				CURRENT_PROJECT_VERSION = 1;
				DEVELOPMENT_ASSET_PATHS = "\"macOSApp2/Preview Content\"";
				DEVELOPMENT_TEAM = "";
				"DEVELOPMENT_TEAM[sdk=macosx*]" = N2H57U55FZ;
				ENABLE_PREVIEWS = YES;
				GENERATE_INFOPLIST_FILE = YES;
				INFOPLIST_KEY_NSHumanReadableCopyright = "";
				LD_RUNPATH_SEARCH_PATHS = (
					"$(inherited)",
					"@executable_path/../Frameworks",
				);
				MARKETING_VERSION = 1.0;
				PRODUCT_BUNDLE_IDENTIFIER = com.example.eshan.macOSApp2;
				PRODUCT_NAME = "$(TARGET_NAME)";
				PROVISIONING_PROFILE_SPECIFIER = "";
				SWIFT_EMIT_LOC_STRINGS = YES;
				SWIFT_VERSION = 5.0;
			};
			name = Debug;
		};
		A0981AE02B61C3DA00F8670B /* Release */ = {
			isa = XCBuildConfiguration;
			buildSettings = {
				ASSETCATALOG_COMPILER_APPICON_NAME = AppIcon;
				ASSETCATALOG_COMPILER_GLOBAL_ACCENT_COLOR_NAME = AccentColor;
				CODE_SIGN_ENTITLEMENTS = macOSApp2/macOSApp2.entitlements;
				CODE_SIGN_IDENTITY = "Apple Development: jigbhatt@amazon.com (R54NHZ88SZ)";
				"CODE_SIGN_IDENTITY[sdk=macosx*]" = "Apple Development";
				CODE_SIGN_STYLE = Manual;
				COMBINE_HIDPI_IMAGES = YES;
				CURRENT_PROJECT_VERSION = 1;
				DEVELOPMENT_ASSET_PATHS = "\"macOSApp2/Preview Content\"";
				DEVELOPMENT_TEAM = "";
				"DEVELOPMENT_TEAM[sdk=macosx*]" = N2H57U55FZ;
				ENABLE_PREVIEWS = YES;
				GENERATE_INFOPLIST_FILE = YES;
				INFOPLIST_KEY_NSHumanReadableCopyright = "";
				LD_RUNPATH_SEARCH_PATHS = (
					"$(inherited)",
					"@executable_path/../Frameworks",
				);
				MARKETING_VERSION = 1.0;
				PRODUCT_BUNDLE_IDENTIFIER = com.example.eshan.macOSApp2;
				PRODUCT_NAME = "$(TARGET_NAME)";
				PROVISIONING_PROFILE_SPECIFIER = "";
				SWIFT_EMIT_LOC_STRINGS = YES;
				SWIFT_VERSION = 5.0;
			};
			name = Release;
		};
/* End XCBuildConfiguration section */

/* Begin XCConfigurationList section */
		A0981ACA2B61C3D900F8670B /* Build configuration list for PBXProject "macOSApp2" */ = {
			isa = XCConfigurationList;
			buildConfigurations = (
				A0981ADC2B61C3DA00F8670B /* Debug */,
				A0981ADD2B61C3DA00F8670B /* Release */,
			);
			defaultConfigurationIsVisible = 0;
			defaultConfigurationName = Release;
		};
		A0981ADE2B61C3DA00F8670B /* Build configuration list for PBXNativeTarget "macOSApp2" */ = {
			isa = XCConfigurationList;
			buildConfigurations = (
				A0981ADF2B61C3DA00F8670B /* Debug */,
				A0981AE02B61C3DA00F8670B /* Release */,
			);
			defaultConfigurationIsVisible = 0;
			defaultConfigurationName = Release;
		};
/* End XCConfigurationList section */
	};
	rootObject = A0981AC72B61C3D900F8670B /* Project object */;
}
